version: v0.115.0
dependencies:
- name: external-dns
  repository: https://charts.bitnami.com/bitnami
  version: 3.0.1
- name: inlets-operator
  repository: https://inlets.github.io/inlets-operator/
  version: 0.7.6
- name: traefik
  repository: https://kubernetes-charts.storage.googleapis.com
  version: 1.86.2
digest: sha256:886a72faa7992fc8ae80624877ea3de397924ff6d06fe992af61e6157336b6da
generated: "2020-05-17T14:12:17.054182563-06:00"
